{
  "version": 4,
  "terraform_version": "1.3.2",
  "serial": 194,
  "lineage": "157c803e-e71d-f5cb-7b47-0088d7256861",
  "outputs": {},
  "resources": [
    {
      "mode": "managed",
      "type": "google_iam_workload_identity_pool",
      "name": "pool",
      "provider": "provider[\"registry.terraform.io/hashicorp/google\"]",
      "instances": [
        {
          "schema_version": 0,
          "attributes": {
            "description": "",
            "disabled": false,
            "display_name": "",
            "id": "projects/mms-clp-playground2402-a-x11e/locations/global/workloadIdentityPools/my-github-pool",
            "name": "projects/544071387477/locations/global/workloadIdentityPools/my-github-pool",
            "project": "mms-clp-playground2402-a-x11e",
            "state": "ACTIVE",
            "timeouts": null,
            "workload_identity_pool_id": "my-github-pool"
          },
          "sensitive_attributes": [],
          "private": "eyJlMmJmYjczMC1lY2FhLTExZTYtOGY4OC0zNDM2M2JjN2M0YzAiOnsiY3JlYXRlIjoxMjAwMDAwMDAwMDAwLCJkZWxldGUiOjEyMDAwMDAwMDAwMDAsInVwZGF0ZSI6MTIwMDAwMDAwMDAwMH19"
        }
      ]
    },
    {
      "mode": "managed",
      "type": "google_iam_workload_identity_pool_provider",
      "name": "example",
      "provider": "provider[\"registry.terraform.io/hashicorp/google\"]",
      "instances": [
        {
          "schema_version": 0,
          "attributes": {
            "attribute_condition": "",
            "attribute_mapping": {
              "attribute.actor": "assertion.actor",
              "attribute.repository": "assertion.repository",
              "google.subject": "assertion.sub"
            },
            "aws": [],
            "description": "",
            "disabled": false,
            "display_name": "",
            "id": "projects/mms-clp-playground2402-a-x11e/locations/global/workloadIdentityPools/my-github-pool/providers/my-github-provider",
            "name": "projects/544071387477/locations/global/workloadIdentityPools/my-github-pool/providers/my-github-provider",
            "oidc": [
              {
                "allowed_audiences": null,
                "issuer_uri": "https://token.actions.githubusercontent.com",
                "jwks_json": ""
              }
            ],
            "project": "mms-clp-playground2402-a-x11e",
            "saml": [],
            "state": "ACTIVE",
            "timeouts": null,
            "workload_identity_pool_id": "my-github-pool",
            "workload_identity_pool_provider_id": "my-github-provider"
          },
          "sensitive_attributes": [],
          "private": "eyJlMmJmYjczMC1lY2FhLTExZTYtOGY4OC0zNDM2M2JjN2M0YzAiOnsiY3JlYXRlIjoxMjAwMDAwMDAwMDAwLCJkZWxldGUiOjEyMDAwMDAwMDAwMDAsInVwZGF0ZSI6MTIwMDAwMDAwMDAwMH19",
          "dependencies": [
            "google_iam_workload_identity_pool.pool"
          ]
        }
      ]
    },
    {
      "mode": "managed",
      "type": "google_project_iam_binding",
      "name": "github-service-account",
      "provider": "provider[\"registry.terraform.io/hashicorp/google\"]",
      "instances": [
        {
          "index_key": "roles/cloudfunctions.admin",
          "schema_version": 0,
          "attributes": {
            "condition": [],
            "etag": "BwYShCMD1XM=",
            "id": "mms-clp-playground2402-a-x11e/roles/cloudfunctions.admin",
            "members": [
              "serviceAccount:githubactions-cloudfunctions@mms-clp-playground2402-a-x11e.iam.gserviceaccount.com"
            ],
            "project": "mms-clp-playground2402-a-x11e",
            "role": "roles/cloudfunctions.admin"
          },
          "sensitive_attributes": [],
          "private": "bnVsbA=="
        },
        {
          "index_key": "roles/iam.serviceAccountAdmin",
          "schema_version": 0,
          "attributes": {
            "condition": [],
            "etag": "BwYShCMD1XM=",
            "id": "mms-clp-playground2402-a-x11e/roles/iam.serviceAccountAdmin",
            "members": [
              "serviceAccount:githubactions-cloudfunctions@mms-clp-playground2402-a-x11e.iam.gserviceaccount.com"
            ],
            "project": "mms-clp-playground2402-a-x11e",
            "role": "roles/iam.serviceAccountAdmin"
          },
          "sensitive_attributes": [],
          "private": "bnVsbA=="
        },
        {
          "index_key": "roles/iam.workloadIdentityUser",
          "schema_version": 0,
          "attributes": {
            "condition": [],
            "etag": "BwYShCMD1XM=",
            "id": "mms-clp-playground2402-a-x11e/roles/iam.workloadIdentityUser",
            "members": [
              "serviceAccount:githubactions-cloudfunctions@mms-clp-playground2402-a-x11e.iam.gserviceaccount.com"
            ],
            "project": "mms-clp-playground2402-a-x11e",
            "role": "roles/iam.workloadIdentityUser"
          },
          "sensitive_attributes": [],
          "private": "bnVsbA=="
        },
        {
          "index_key": "roles/resourcemanager.projectIamAdmin",
          "schema_version": 0,
          "attributes": {
            "condition": [],
            "etag": "BwYShCMD1XM=",
            "id": "mms-clp-playground2402-a-x11e/roles/resourcemanager.projectIamAdmin",
            "members": [
              "serviceAccount:githubactions-cloudfunctions@mms-clp-playground2402-a-x11e.iam.gserviceaccount.com"
            ],
            "project": "mms-clp-playground2402-a-x11e",
            "role": "roles/resourcemanager.projectIamAdmin"
          },
          "sensitive_attributes": [],
          "private": "bnVsbA=="
        },
        {
          "index_key": "roles/storage.admin",
          "schema_version": 0,
          "attributes": {
            "condition": [],
            "etag": "BwYShCMD1XM=",
            "id": "mms-clp-playground2402-a-x11e/roles/storage.admin",
            "members": [
              "serviceAccount:githubactions-cloudfunctions@mms-clp-playground2402-a-x11e.iam.gserviceaccount.com"
            ],
            "project": "mms-clp-playground2402-a-x11e",
            "role": "roles/storage.admin"
          },
          "sensitive_attributes": [],
          "private": "bnVsbA=="
        }
      ]
    },
    {
      "mode": "managed",
      "type": "google_project_iam_binding",
      "name": "service-account",
      "provider": "provider[\"registry.terraform.io/hashicorp/google\"]",
      "instances": [
        {
          "schema_version": 0,
          "attributes": {
            "condition": [],
            "etag": "BwYShCMD1XM=",
            "id": "mms-clp-playground2402-a-x11e/roles/storage.objectUser",
            "members": [
              "serviceAccount:mms-clp-playground2402-a-x11e@appspot.gserviceaccount.com"
            ],
            "project": "mms-clp-playground2402-a-x11e",
            "role": "roles/storage.objectUser"
          },
          "sensitive_attributes": [],
          "private": "bnVsbA=="
        }
      ]
    },
    {
      "mode": "managed",
      "type": "google_service_account",
      "name": "service_account",
      "provider": "provider[\"registry.terraform.io/hashicorp/google\"]",
      "instances": [
        {
          "schema_version": 0,
          "attributes": {
            "account_id": "githubactions-cloudfunctions",
            "create_ignore_already_exists": true,
            "description": "",
            "disabled": false,
            "display_name": "githubactions-cloudfunctions",
            "email": "githubactions-cloudfunctions@mms-clp-playground2402-a-x11e.iam.gserviceaccount.com",
            "id": "projects/mms-clp-playground2402-a-x11e/serviceAccounts/githubactions-cloudfunctions@mms-clp-playground2402-a-x11e.iam.gserviceaccount.com",
            "member": "serviceAccount:githubactions-cloudfunctions@mms-clp-playground2402-a-x11e.iam.gserviceaccount.com",
            "name": "projects/mms-clp-playground2402-a-x11e/serviceAccounts/githubactions-cloudfunctions@mms-clp-playground2402-a-x11e.iam.gserviceaccount.com",
            "project": "mms-clp-playground2402-a-x11e",
            "timeouts": null,
            "unique_id": "112726221030709321943"
          },
          "sensitive_attributes": [],
          "private": "eyJlMmJmYjczMC1lY2FhLTExZTYtOGY4OC0zNDM2M2JjN2M0YzAiOnsiY3JlYXRlIjozMDAwMDAwMDAwMDB9fQ=="
        }
      ]
    },
    {
      "mode": "managed",
      "type": "google_storage_bucket",
      "name": "my-bucket",
      "provider": "provider[\"registry.terraform.io/hashicorp/google\"]",
      "instances": [
        {
          "schema_version": 1,
          "attributes": {
            "autoclass": [],
            "cors": [],
            "custom_placement_config": [],
            "default_event_based_hold": false,
            "effective_labels": {},
            "enable_object_retention": false,
            "encryption": [],
            "force_destroy": true,
            "id": "calculator-bucket",
            "labels": {},
            "lifecycle_rule": [],
            "location": "EUROPE-WEST4",
            "logging": [],
            "name": "calculator-bucket",
            "project": "mms-clp-playground2402-a-x11e",
            "public_access_prevention": "inherited",
            "requester_pays": false,
            "retention_policy": [],
            "rpo": null,
            "self_link": "https://www.googleapis.com/storage/v1/b/calculator-bucket",
            "storage_class": "STANDARD",
            "terraform_labels": {},
            "timeouts": null,
            "uniform_bucket_level_access": true,
            "url": "gs://calculator-bucket",
            "versioning": [],
            "website": []
          },
          "sensitive_attributes": [],
          "private": "eyJlMmJmYjczMC1lY2FhLTExZTYtOGY4OC0zNDM2M2JjN2M0YzAiOnsiY3JlYXRlIjo2MDAwMDAwMDAwMDAsInJlYWQiOjI0MDAwMDAwMDAwMCwidXBkYXRlIjoyNDAwMDAwMDAwMDB9LCJzY2hlbWFfdmVyc2lvbiI6IjEifQ=="
        }
      ]
    }
  ],
  "check_results": []
}
