{
  "version": 4,
  "terraform_version": "1.3.2",
  "serial": 32,
  "lineage": "157c803e-e71d-f5cb-7b47-0088d7256861",
  "outputs": {},
  "resources": [
    {
      "mode": "managed",
      "type": "google_project_iam_binding",
      "name": "github-service-account",
      "provider": "provider[\"registry.terraform.io/hashicorp/google\"]",
      "instances": [
        {
          "index_key": "roles/cloudfunctions.admin",
          "schema_version": 0,
          "attributes": {
            "condition": [],
            "etag": "BwYSgGmCcZ4=",
            "id": "mms-clp-playground2402-a-x11e/roles/cloudfunctions.admin",
            "members": [
              "serviceAccount:githubactions-cloudfunctions@mms-clp-playground2402-a-x11e.iam.gserviceaccount.com"
            ],
            "project": "mms-clp-playground2402-a-x11e",
            "role": "roles/cloudfunctions.admin"
          },
          "sensitive_attributes": [],
          "private": "bnVsbA=="
        },
        {
          "index_key": "roles/iam.serviceAccountAdmin",
          "schema_version": 0,
          "attributes": {
            "condition": [],
            "etag": "BwYSgGmCcZ4=",
            "id": "mms-clp-playground2402-a-x11e/roles/iam.serviceAccountAdmin",
            "members": [
              "serviceAccount:githubactions-cloudfunctions@mms-clp-playground2402-a-x11e.iam.gserviceaccount.com"
            ],
            "project": "mms-clp-playground2402-a-x11e",
            "role": "roles/iam.serviceAccountAdmin"
          },
          "sensitive_attributes": [],
          "private": "bnVsbA=="
        },
        {
          "index_key": "roles/resourcemanager.projectIamAdmin",
          "schema_version": 0,
          "attributes": {
            "condition": [],
            "etag": "BwYSgGmCcZ4=",
            "id": "mms-clp-playground2402-a-x11e/roles/resourcemanager.projectIamAdmin",
            "members": [
              "serviceAccount:githubactions-cloudfunctions@mms-clp-playground2402-a-x11e.iam.gserviceaccount.com"
            ],
            "project": "mms-clp-playground2402-a-x11e",
            "role": "roles/resourcemanager.projectIamAdmin"
          },
          "sensitive_attributes": [],
          "private": "bnVsbA=="
        },
        {
          "index_key": "roles/storage.admin",
          "schema_version": 0,
          "attributes": {
            "condition": [],
            "etag": "BwYSgGmCcZ4=",
            "id": "mms-clp-playground2402-a-x11e/roles/storage.admin",
            "members": [
              "serviceAccount:githubactions-cloudfunctions@mms-clp-playground2402-a-x11e.iam.gserviceaccount.com"
            ],
            "project": "mms-clp-playground2402-a-x11e",
            "role": "roles/storage.admin"
          },
          "sensitive_attributes": [],
          "private": "bnVsbA=="
        }
      ]
    },
    {
      "mode": "managed",
      "type": "google_project_iam_binding",
      "name": "service-account",
      "provider": "provider[\"registry.terraform.io/hashicorp/google\"]",
      "instances": [
        {
          "schema_version": 0,
          "attributes": {
            "condition": [],
            "etag": "BwYSgGmCcZ4=",
            "id": "mms-clp-playground2402-a-x11e/roles/storage.objectUser",
            "members": [
              "serviceAccount:mms-clp-playground2402-a-x11e@appspot.gserviceaccount.com"
            ],
            "project": "mms-clp-playground2402-a-x11e",
            "role": "roles/storage.objectUser"
          },
          "sensitive_attributes": [],
          "private": "bnVsbA=="
        }
      ]
    },
    {
      "mode": "managed",
      "type": "google_service_account",
      "name": "service_account",
      "provider": "provider[\"registry.terraform.io/hashicorp/google\"]",
      "instances": [
        {
          "schema_version": 0,
          "attributes": {
            "account_id": "githubactions-cloudfunctions",
            "create_ignore_already_exists": null,
            "description": "",
            "disabled": false,
            "display_name": "githubactions-cloudfunctions",
            "email": "githubactions-cloudfunctions@mms-clp-playground2402-a-x11e.iam.gserviceaccount.com",
            "id": "projects/mms-clp-playground2402-a-x11e/serviceAccounts/githubactions-cloudfunctions@mms-clp-playground2402-a-x11e.iam.gserviceaccount.com",
            "member": "serviceAccount:githubactions-cloudfunctions@mms-clp-playground2402-a-x11e.iam.gserviceaccount.com",
            "name": "projects/mms-clp-playground2402-a-x11e/serviceAccounts/githubactions-cloudfunctions@mms-clp-playground2402-a-x11e.iam.gserviceaccount.com",
            "project": "mms-clp-playground2402-a-x11e",
            "timeouts": null,
            "unique_id": "105044497308308500543"
          },
          "sensitive_attributes": [],
          "private": "eyJlMmJmYjczMC1lY2FhLTExZTYtOGY4OC0zNDM2M2JjN2M0YzAiOnsiY3JlYXRlIjozMDAwMDAwMDAwMDB9fQ=="
        }
      ]
    }
  ],
  "check_results": []
}
