{
  "version": 4,
  "terraform_version": "1.3.2",
  "serial": 8,
  "lineage": "00516209-88b2-5677-4266-62770cfa30af",
  "outputs": {},
  "resources": [
    {
      "mode": "managed",
      "type": "google_project_iam_binding",
      "name": "service-account",
      "provider": "provider[\"registry.terraform.io/hashicorp/google\"]",
      "instances": [
        {
          "schema_version": 0,
          "attributes": {
            "condition": [],
            "etag": "BwYR82e/xN0=",
            "id": "mms-clp-playground2402-a-i2ar/roles/storage.objectCreator",
            "members": [
              "serviceAccount:mms-clp-playground2402-a-i2ar@appspot.gserviceaccount.com"
            ],
            "project": "mms-clp-playground2402-a-i2ar",
            "role": "roles/storage.objectCreator"
          },
          "sensitive_attributes": [],
          "private": "bnVsbA=="
        }
      ]
    },
    {
      "mode": "managed",
      "type": "google_storage_bucket",
      "name": "my-bucket",
      "provider": "provider[\"registry.terraform.io/hashicorp/google\"]",
      "instances": [
        {
          "schema_version": 1,
          "attributes": {
            "autoclass": [],
            "cors": [],
            "custom_placement_config": [],
            "default_event_based_hold": false,
            "effective_labels": {},
            "enable_object_retention": false,
            "encryption": [],
            "force_destroy": true,
            "id": "calculator-bucket",
            "labels": {},
            "lifecycle_rule": [],
            "location": "EUROPE-WEST4",
            "logging": [],
            "name": "calculator-bucket",
            "project": "mms-clp-playground2402-a-i2ar",
            "public_access_prevention": "inherited",
            "requester_pays": false,
            "retention_policy": [],
            "rpo": null,
            "self_link": "https://www.googleapis.com/storage/v1/b/calculator-bucket",
            "storage_class": "STANDARD",
            "terraform_labels": {},
            "timeouts": null,
            "uniform_bucket_level_access": false,
            "url": "gs://calculator-bucket",
            "versioning": [],
            "website": []
          },
          "sensitive_attributes": [],
          "private": "eyJlMmJmYjczMC1lY2FhLTExZTYtOGY4OC0zNDM2M2JjN2M0YzAiOnsiY3JlYXRlIjo2MDAwMDAwMDAwMDAsInJlYWQiOjI0MDAwMDAwMDAwMCwidXBkYXRlIjoyNDAwMDAwMDAwMDB9LCJzY2hlbWFfdmVyc2lvbiI6IjEifQ=="
        }
      ]
    }
  ],
  "check_results": []
}
